{
    "_meta": {
        "hash": {
            "sha256": "72214ac5c803319342aee2a3cebb7533e37888f07031dca3e8092ad69de7106c"
        },
        "pipfile-spec": 6,
        "requires": {
            "python_full_version": "3.9.13",
            "python_version": "3.9"
        },
        "sources": [
            {
                "name": "pypi",
                "url": "https://pypi.org/simple",
                "verify_ssl": true
            }
        ]
    },
    "default": {
        "attrs": {
            "hashes": [
                "sha256:29adc2665447e5191d0e7c568fde78b21f9672d344281d0c6e1ab085429b22b6",
                "sha256:86efa402f67bf2df34f51a335487cf46b1ec130d02b8d39fd248abfd30da551c"
            ],
            "markers": "python_version >= '3.5'",
            "version": "==22.1.0"
        },
        "automat": {
            "hashes": [
                "sha256:c3164f8742b9dc440f3682482d32aaff7bb53f71740dd018533f9de286b64180",
                "sha256:e56beb84edad19dcc11d30e8d9b895f75deeb5ef5e96b84a467066b3b84bb04e"
            ],
            "version": "==22.10.0"
        },
        "constantly": {
            "hashes": [
                "sha256:586372eb92059873e29eba4f9dec8381541b4d3834660707faf8ba59146dfc35",
                "sha256:dd2fa9d6b1a51a83f0d7dd76293d734046aa176e384bf6e33b7e44880eb37c5d"
            ],
            "version": "==15.1.0"
        },
        "greenlet": {
            "hashes": [
                "sha256:0109af1138afbfb8ae647e31a2b1ab030f58b21dd8528c27beaeb0093b7938a9",
                "sha256:04957dc96669be041e0c260964cfef4c77287f07c40452e61abe19d647505581",
                "sha256:0722c9be0797f544a3ed212569ca3fe3d9d1a1b13942d10dd6f0e8601e484d26",
                "sha256:097e3dae69321e9100202fc62977f687454cd0ea147d0fd5a766e57450c569fd",
                "sha256:0b493db84d124805865adc587532ebad30efa68f79ad68f11b336e0a51ec86c2",
                "sha256:13ba6e8e326e2116c954074c994da14954982ba2795aebb881c07ac5d093a58a",
                "sha256:13ebf93c343dd8bd010cd98e617cb4c1c1f352a0cf2524c82d3814154116aa82",
                "sha256:1407fe45246632d0ffb7a3f4a520ba4e6051fc2cbd61ba1f806900c27f47706a",
                "sha256:1bf633a50cc93ed17e494015897361010fc08700d92676c87931d3ea464123ce",
                "sha256:2d0bac0385d2b43a7bd1d651621a4e0f1380abc63d6fb1012213a401cbd5bf8f",
                "sha256:3001d00eba6bbf084ae60ec7f4bb8ed375748f53aeaefaf2a37d9f0370558524",
                "sha256:356e4519d4dfa766d50ecc498544b44c0249b6de66426041d7f8b751de4d6b48",
                "sha256:38255a3f1e8942573b067510f9611fc9e38196077b0c8eb7a8c795e105f9ce77",
                "sha256:3d75b8d013086b08e801fbbb896f7d5c9e6ccd44f13a9241d2bf7c0df9eda928",
                "sha256:41b825d65f31e394b523c84db84f9383a2f7eefc13d987f308f4663794d2687e",
                "sha256:42e602564460da0e8ee67cb6d7236363ee5e131aa15943b6670e44e5c2ed0f67",
                "sha256:4aeaebcd91d9fee9aa768c1b39cb12214b30bf36d2b7370505a9f2165fedd8d9",
                "sha256:4c8b1c43e75c42a6cafcc71defa9e01ead39ae80bd733a2608b297412beede68",
                "sha256:4d37990425b4687ade27810e3b1a1c37825d242ebc275066cfee8cb6b8829ccd",
                "sha256:4f09b0010e55bec3239278f642a8a506b91034f03a4fb28289a7d448a67f1515",
                "sha256:505138d4fa69462447a562a7c2ef723c6025ba12ac04478bc1ce2fcc279a2db5",
                "sha256:5067920de254f1a2dee8d3d9d7e4e03718e8fd2d2d9db962c8c9fa781ae82a39",
                "sha256:56961cfca7da2fdd178f95ca407fa330c64f33289e1804b592a77d5593d9bd94",
                "sha256:5a8e05057fab2a365c81abc696cb753da7549d20266e8511eb6c9d9f72fe3e92",
                "sha256:659f167f419a4609bc0516fb18ea69ed39dbb25594934bd2dd4d0401660e8a1e",
                "sha256:6f61d71bbc9b4a3de768371b210d906726535d6ca43506737682caa754b956cd",
                "sha256:72b00a8e7c25dcea5946692a2485b1a0c0661ed93ecfedfa9b6687bd89a24ef5",
                "sha256:811e1d37d60b47cb8126e0a929b58c046251f28117cb16fcd371eed61f66b764",
                "sha256:81b0ea3715bf6a848d6f7149d25bf018fd24554a4be01fcbbe3fdc78e890b955",
                "sha256:88c8d517e78acdf7df8a2134a3c4b964415b575d2840a2746ddb1cc6175f8608",
                "sha256:8dca09dedf1bd8684767bc736cc20c97c29bc0c04c413e3276e0962cd7aeb148",
                "sha256:974a39bdb8c90a85982cdb78a103a32e0b1be986d411303064b28a80611f6e51",
                "sha256:9e112e03d37987d7b90c1e98ba5e1b59e1645226d78d73282f45b326f7bddcb9",
                "sha256:9e9744c657d896c7b580455e739899e492a4a452e2dd4d2b3e459f6b244a638d",
                "sha256:9ed358312e63bf683b9ef22c8e442ef6c5c02973f0c2a939ec1d7b50c974015c",
                "sha256:9f2c221eecb7ead00b8e3ddb913c67f75cba078fd1d326053225a3f59d850d72",
                "sha256:a20d33124935d27b80e6fdacbd34205732660e0a1d35d8b10b3328179a2b51a1",
                "sha256:a4c0757db9bd08470ff8277791795e70d0bf035a011a528ee9a5ce9454b6cba2",
                "sha256:afe07421c969e259e9403c3bb658968702bc3b78ec0b6fde3ae1e73440529c23",
                "sha256:b1992ba9d4780d9af9726bbcef6a1db12d9ab1ccc35e5773685a24b7fb2758eb",
                "sha256:b23d2a46d53210b498e5b701a1913697671988f4bf8e10f935433f6e7c332fb6",
                "sha256:b5e83e4de81dcc9425598d9469a624826a0b1211380ac444c7c791d4a2137c19",
                "sha256:be35822f35f99dcc48152c9839d0171a06186f2d71ef76dc57fa556cc9bf6b45",
                "sha256:be9e0fb2ada7e5124f5282d6381903183ecc73ea019568d6d63d33f25b2a9000",
                "sha256:c140e7eb5ce47249668056edf3b7e9900c6a2e22fb0eaf0513f18a1b2c14e1da",
                "sha256:c6a08799e9e88052221adca55741bf106ec7ea0710bca635c208b751f0d5b617",
                "sha256:cb242fc2cda5a307a7698c93173d3627a2a90d00507bccf5bc228851e8304963",
                "sha256:cce1e90dd302f45716a7715517c6aa0468af0bf38e814ad4eab58e88fc09f7f7",
                "sha256:cd4ccc364cf75d1422e66e247e52a93da6a9b73cefa8cad696f3cbbb75af179d",
                "sha256:d21681f09e297a5adaa73060737e3aa1279a13ecdcfcc6ef66c292cb25125b2d",
                "sha256:d566b82e92ff2e09dd6342df7e0eb4ff6275a3f08db284888dcd98134dbd4243",
                "sha256:d5b0ff9878333823226d270417f24f4d06f235cb3e54d1103b71ea537a6a86ce",
                "sha256:d6ee1aa7ab36475035eb48c01efae87d37936a8173fc4d7b10bb02c2d75dd8f6",
                "sha256:db38f80540083ea33bdab614a9d28bcec4b54daa5aff1668d7827a9fc769ae0a",
                "sha256:ea688d11707d30e212e0110a1aac7f7f3f542a259235d396f88be68b649e47d1",
                "sha256:f6327b6907b4cb72f650a5b7b1be23a2aab395017aa6f1adb13069d66360eb3f",
                "sha256:fb412b7db83fe56847df9c47b6fe3f13911b06339c2aa02dcc09dce8bbf582cd"
            ],
            "markers": "python_version >= '3' and platform_machine == 'aarch64' or (platform_machine == 'ppc64le' or (platform_machine == 'x86_64' or (platform_machine == 'amd64' or (platform_machine == 'AMD64' or (platform_machine == 'win32' or platform_machine == 'WIN32')))))",
            "version": "==2.0.1"
        },
        "hyperlink": {
            "hashes": [
                "sha256:427af957daa58bc909471c6c40f74c5450fa123dd093fc53efd2e91d2705a56b",
                "sha256:e6b14c37ecb73e89c77d78cdb4c2cc8f3fb59a885c5b3f819ff4ed80f25af1b4"
            ],
            "version": "==21.0.0"
        },
        "idna": {
            "hashes": [
                "sha256:814f528e8dead7d329833b91c5faa87d60bf71824cd12a7530b5526063d02cb4",
                "sha256:90b77e79eaa3eba6de819a0c442c0b4ceefc341a7a2ab77d7562bf49f425c5c2"
            ],
            "markers": "python_version >= '3.5'",
            "version": "==3.4"
        },
        "incremental": {
            "hashes": [
                "sha256:912feeb5e0f7e0188e6f42241d2f450002e11bbc0937c65865045854c24c0bd0",
                "sha256:b864a1f30885ee72c5ac2835a761b8fe8aa9c28b9395cacf27286602688d3e51"
            ],
            "version": "==22.10.0"
        },
        "lxml": {
            "hashes": [
                "sha256:0047e8a29a790c2b68b9c7779f00809aef10f5da1c4f40bcf517dffd270ad1c4",
                "sha256:0149f08c30e210d2e2dad6bc67792ed051492d2ff72a5a24778a782c2d0c6656",
                "sha256:021c9a72d3ff5f6180cf2d427e88a688bb21ccb68cedf5cd11669cd22dc38ce4",
                "sha256:1561b518e7236bb7be47fa1694944113c852f336358f0e74128e3cb524edd887",
                "sha256:19f612e977fc427b4bf7481deac95e7137dc11b69db83270095fdf2c381282a2",
                "sha256:1ba471105c13d83cda86901803887edff52b844ca2eb7e9fe2c7380eebce2bcb",
                "sha256:2587638cd870e653708950752562c7636303c76571d34568a98367eee1e92b63",
                "sha256:27898b2f73bc1766365ca675324ed17f1846c779077b97e7f91fcb6042ec5ae6",
                "sha256:2ce2941c21d4144bbcd8c182d89e09b15f36805533977f363122bed282fb1879",
                "sha256:346a5e0cb80eeb521bac45a1275bf6a4aebcb82661798c12f8484d59394997e5",
                "sha256:36e5b430a09be6eeb05c37c3c3af6c328da4ce4cca34720b0994e44c13c777f8",
                "sha256:371ce1402b6793ef30e3d6cf2c9908869bc397e950de18d0a6ab74ce1b62ed65",
                "sha256:40bfc495e26565776f938103900b22ed658f1d2a155b4556ac3628f8eb0ddfb7",
                "sha256:439523c34ef398d84a5b05e5c565ef0b78ebf8dc1b44c07f93bde9f2294a49af",
                "sha256:44d54f07001499a86c5a73129b18368d8a32370616396a500752f0a1dae8a158",
                "sha256:47f45efe78cb54bfab510309ee13c42c02ce1c3fa57cd12aecd14eba5c85ea3b",
                "sha256:4bb5ce9a38e19817236313bfe5ee3bb016a18c295b5d7f4215401e79dacdace4",
                "sha256:4bbefbcedb29c7da21919c4768415be87d07d5715d571f190829fa39b76952bf",
                "sha256:4c6b33d698afcf0fd96db1eb1e41a5faadb75bb4b42c839bf0e7b327d410cfbd",
                "sha256:4d4e2396904c140684017789f961093153898cf9c4debde3ebb15e022c6c04dd",
                "sha256:4da3ebc23da068d32ed777706d3202862d669e6b86af136453d9142ccf579422",
                "sha256:543fcbf500b95568d0944d28677fb9cd076d80876f90aa0cbba09040418924f8",
                "sha256:57e2dbf5730fde9211e32229748ce6f9a0685f1a3dcba76c71cc6e3133a0d61e",
                "sha256:5f537b95d8319d398625776318c7597249d268d450329bff4bb520f1a2a72306",
                "sha256:6c9e7bf6af3a9aede4c8c0085d2148864356f86df70c0fd06c7c267e9df0b1f1",
                "sha256:6faf1afdf5a980dceac217305b0088685756eaae964b1958d0d54ba3ae121c84",
                "sha256:7018c2bbd5f5b7649a63a856e57f9d5e15bec09db9284c08a118d8a5770db3f3",
                "sha256:7456b8abc591e4ab3050d3c93e87f3fb9381b8e28b66238927bab6ed998e71d6",
                "sha256:7724404e1d6b753ffaed977130672ecda5a7556d5c2037177fa3571caa559162",
                "sha256:777375057259858ec1b937a229cc3498d2995bb04a2d2c424bbfee35264d7a9b",
                "sha256:799ca6d0b9f0bd5c365f7be6240fbfce24d7098021edc42b434dda39970308e3",
                "sha256:7a549d044e0d93feff8b9422063c2f4a4b3841cf8c61b5442d6745f82c3c2bcc",
                "sha256:7e8df94e0676cc16fbbc35d34fef37a9767fe0b422b5897c116a46be29092790",
                "sha256:7f6cd37bf8de4ea2bd462aa9faadd1b45a36bb168819e88174dfd15d091eae81",
                "sha256:81a14f9819b2edea3da441c0deff8d41410fd4ba16ed57ab59171b9745c7571e",
                "sha256:81f42f00061e7a7c19502ecfde7b6838a7ab971631b803eccfa05314fdeff406",
                "sha256:8db20b9b4ea7669d6d35c96427c686b1de6e3f614bf4371121b05df4fb10d4de",
                "sha256:97b01bf5c633caf764270e1e9607c926c28a2e368fe4619031e03bfc7c2688c1",
                "sha256:9f459c3754c24c85d82072e14ace8db6d819e07ba2895505d7a5ea248c6763ec",
                "sha256:a11fd3b9d9b4a351acc9a5b532b652d1d8fc047cd873b7c3f44cf6366fab7feb",
                "sha256:aed1bb00c9d0ac06219c3c048783b6e26d21879f702ce8ddf6de8389a978f587",
                "sha256:b584fa08ff85e441c70ea8310e274eda0b6fb522a86679d07839737629c0b891",
                "sha256:ba9f260d3a7ca44f8730ed861bbbf68d6c1fa0c55c7633c9f8cf98282c06dea7",
                "sha256:c0325c86e36f9d910c934d401e250d62bbe5e8c5c808241fc85795c8ba396d54",
                "sha256:c5ce51bd0d0a14f4030142e39e8a223c3bda349a9b50e4e7315c661a2a50ceef",
                "sha256:c6b3c38e58c1b9ea6045b16dc4cafe7bd2228ab8830d9ad52612748719525987",
                "sha256:c71b82c6fd4bbfffeb8f15efd966fe1afcf680711c5939277644ab1462970f9c",
                "sha256:cf86e0fe5b4bd42f4d4c5ac3aea05fcbfbd887f2819e3d4449c586ac81b8258b",
                "sha256:d34f99446b769a7adab3e9589dbc92465b565d8409795d2b63323489229564c7",
                "sha256:da583328a576434e1f827d72e3435a3c6fcaf52902d8db207b93915e2816a144",
                "sha256:de4f955b867d4b4dc4141be264c9e1d54d647a0cbf261bdfde14a730758588f4",
                "sha256:dfbbdd8684fbf155febdea2c3a68380f38c099aba75eec638f94f9601708ce19",
                "sha256:e583c48dc85495d1055a9955e525d91ea27bb893e871702366e5f2d689ed2438",
                "sha256:ea4afc8ce0cb23eb25510518ea1d8152863f5349324c7c7b6117e1a26aa6596b",
                "sha256:eb43de3bab1d97d9e3ec5a80e574ee9882430c15bde83be38c70031a56899f20",
                "sha256:f5a58b91f1125b17d52a4a1f2dd3da8cf5b38f905cb6def93c9bac9002aaefc1",
                "sha256:f79ca2c0cf88b6547b11c2c3225f1b56ef356cd58cd634e5b70afef2bdf939d7",
                "sha256:f8ca5d8fc76410e20ef0cf61d6d708f8bbc9c6b280124ca923709fdb26db9ed7",
                "sha256:fb18f094a76443fef65ef88e97ea92f2642632651a29757c7df8aaafd84e5ffc",
                "sha256:fd2d46aa9f379553ff30fd915f039c0296837e99b91e75e77f36a0819331a724"
            ],
            "index": "pypi",
            "version": "==4.7.0"
        },
        "python-environ": {
            "hashes": [
                "sha256:6249a14057f95aba3b4906d73276f770e01e659f8098b3f3b34295feac42865b"
            ],
            "index": "pypi",
            "version": "==0.4.54"
        },
        "pytz": {
            "hashes": [
                "sha256:222439474e9c98fced559f1709d89e6c9cbf8d79c794ff3eb9f8800064291427",
                "sha256:e89512406b793ca39f5971bc999cc538ce125c0e51c27941bef4568b460095e2"
            ],
            "version": "==2022.6"
        },
        "rpclib": {
            "hashes": [
                "sha256:846d46bc6ffff23a3c8382df45dce5ac2e7d889ce1904d2b394864d21cf329c1"
            ],
            "index": "pypi",
            "version": "==2.8.0rc0"
        },
        "setuptools": {
            "hashes": [
                "sha256:d0b9a8433464d5800cbe05094acf5c6d52a91bfac9b52bcfc4d41382be5d5d31",
                "sha256:e197a19aa8ec9722928f2206f8de752def0e4c9fc6953527360d1c36d94ddb2f"
            ],
            "markers": "python_version >= '3.7'",
            "version": "==65.5.1"
        },
        "six": {
            "hashes": [
                "sha256:1e61c37477a1626458e36f7b1d82aa5c9b094fa4802892072e49de9c60c4c926",
                "sha256:8abb2f1d86890a2dfb989f9a77cfcfd3e47c2a354b01111771326f8aa26e0254"
            ],
            "markers": "python_version >= '2.7' and python_version not in '3.0, 3.1, 3.2, 3.3'",
            "version": "==1.16.0"
        },
        "spyne": {
            "hashes": [
                "sha256:063e950e179a7d5b06b577c9f2c9091a70d40217f1a853076b3709caa2bf3a16"
            ],
            "index": "pypi",
            "version": "==2.14.0"
        },
        "sqlalchemy": {
            "hashes": [
                "sha256:0c8a174f23bc021aac97bcb27fbe2ae3d4652d3d23e5768bc2ec3d44e386c7eb",
                "sha256:13ce4f3a068ec4ef7598d2a77f42adc3d90c76981f5a7c198756b25c4f4a22ea",
                "sha256:1d16aca30fad4753aeb4ebde564bbd4a248b9673e4f879b940f4e806a17be87f",
                "sha256:23a4569d3db1ce44370d05c5ad79be4f37915fcc97387aef9da232b95db7b695",
                "sha256:27479b5a1e110e64c56b18ffbf8cf99e101572a3d1a43943ea02158f1304108e",
                "sha256:2fef01240d32ada9007387afd8e0b2230f99efdc4b57ca6f1d1192fca4fcf6a5",
                "sha256:35dc0a5e934c41e282e019c889069b01ff4cd356b2ea452c9985e1542734cfb1",
                "sha256:41df873cdae1d56fde97a1b4f6ffa118f40e4b2d6a6aa8c25c50eea31ecbeb08",
                "sha256:42bff29eaecbb284f614f4bb265bb0c268625f5b93ce6268f8017811e0afbdde",
                "sha256:491d94879f9ec0dea7e1cb053cd9cc65a28d2467960cf99f7b3c286590406060",
                "sha256:4a791e7a1e5ac33f70a3598f8f34fdd3b60c68593bbb038baf58bc50e02d7468",
                "sha256:4abda3e693d24169221ffc7aa0444ccef3dc43dfeab6ad8665d3836751cd6af7",
                "sha256:529e2cc8af75811114e5ab2eb116fd71b6e252c6bdb32adbfcd5e0c5f6d5ab06",
                "sha256:59bd0ae166253f7fed8c3f4f6265d2637f25d2f6614d00df34d7ee0d95d29c91",
                "sha256:5d5937e1bf7921e4d1acdfad72dd98d9e7f9ea5c52aeb12b3b05b534b527692d",
                "sha256:6b462c070769f0ef06ea5fe65206b970bcf2b59cb3fda2bec2f4729e1be89c13",
                "sha256:736d4e706adb3c95a0a7e660073a5213dfae78ff2df6addf8ff2918c83fbeebe",
                "sha256:7d6293010aa0af8bd3b0c9993259f8979db2422d6abf85a31d70ec69cb2ee4dc",
                "sha256:962c7c80c54a42836c47cb0d8a53016986c8584e8d98e90e2ea723a4ed0ba85b",
                "sha256:a22f46440e61d90100e0f378faac40335fb5bbf278472df0d83dc15b653b9896",
                "sha256:a7fa3e57a7b0476fbcba72b231150503d53dbcbdd23f4a86be5152912a923b6e",
                "sha256:aa12e27cb465b4b006ffb777624fc6023363e01cfed2d3f89d33fb6da80f6de2",
                "sha256:b6fd58e25e6cdd2a131d7e97f9713f8f2142360cd40c75af8aa5b83d535f811c",
                "sha256:bd80300d81d92661e2488a4bf4383f0c5dc6e7b05fa46d2823e231af4e30539a",
                "sha256:c1ced2fae7a1177a36cf94d0a5567452d195d3b4d7d932dd61f123fb15ddf87b",
                "sha256:c1f5bfffc3227d05d90c557b10604962f655b4a83c9f3ad507a81ac8d6847679",
                "sha256:c3dde668edea70dc8d55a74d933d5446e5a97786cdd1c67c8e4971c73bd087ad",
                "sha256:c628697aad7a141da8fc3fd81b4874a711cc84af172e1b1e7bbfadf760446496",
                "sha256:c6de20de7c19b965c007c9da240268dde1451865099ca10f0f593c347041b845",
                "sha256:c9a6e878e63286392b262d86d21fe16e6eec12b95ccb0a92c392f2b1e0acca03",
                "sha256:c9b59863e2b1f1e1ebf9ee517f86cdfa82d7049c8d81ad71ab58d442b137bbe9",
                "sha256:cde363fb5412ab178f1cc1e596e9cfc396464da8a4fe8e733cc6d6b4e2c23aa9",
                "sha256:d05d7365c2d1df03a69d90157a3e9b3e7b62088cca8ee6686aed2598659a6e14",
                "sha256:dc1e005d490c101d27657481a05765851ab795cc8aedeb8d9425595088b20736",
                "sha256:ed1c950aba723b7a5b702b88f05d883607c587de918d7d8c2014fe7f55cf67e0",
                "sha256:ee9613b0460dce970414cfc990ca40afe518bc139e697243fcdf890285fb30ac",
                "sha256:eeb55a555eef1a9607c1635bbdddd0b8a2bb9713bcb5bc8da1e8fae8ee46d1d8",
                "sha256:f5438f6c768b7e928f0463777b545965648ba0d55877afd14a4e96d2a99702e7",
                "sha256:f6e036714a586f757a3e12ff0798ce9a90aa04a60cff392d8bcacc5ecf79c95e",
                "sha256:fa46d86a17cccd48c6762df1a60aecf5aaa2e0c0973efacf146c637694b62ffd",
                "sha256:fb9a44e7124f72b79023ab04e1c8fcd8f392939ef0d7a75beae8634e15605d30"
            ],
            "index": "pypi",
            "version": "==1.4.43"
        },
        "twisted": {
            "hashes": [
                "sha256:13c1d1d2421ae556d91e81e66cf0d4f4e4e1e4a36a0486933bee4305c6a4fb9b",
                "sha256:2cd652542463277378b0d349f47c62f20d9306e57d1247baabd6d1d38a109006"
            ],
            "index": "pypi",
            "version": "==21.7.0"
        },
        "twisted-iocpsupport": {
            "hashes": [
                "sha256:00292c68183139051cd5a47f5c8d6d089c35fa2a8f4a4d64d930868b0bd265ec",
                "sha256:17fb3258aaae95bc49cd5b8e4d36ed08acabb45c5f0f2c065f88388633e507bb",
                "sha256:1b0f2c4f5dbc267d527cd8f5f89dbf325db06afc444985ad6ec5aefb1462a7b0",
                "sha256:259ba45c64ab200afc6d1d507d3bfae0441c56136af309b86493d7e99a171615",
                "sha256:4f06b7f3cbd4747978a07216ca25a8748908155c165c999a0db2861c71580d2e",
                "sha256:56d6c749b0c9c951dca55b46cf061df1a4c502b37b35facd205f67d895472574",
                "sha256:646df86ed0ba10ca4c229cfa4475bfb5c230bd2810f7f1d93faaffd33426a756",
                "sha256:6d4d2d119c5ad57a916799266d6da4574323dc90595274c95ade0cdf013da659",
                "sha256:8edfe08d84a2b62eab876b17f68ddffb441b8e039b277fce8f0348f5351d18ed",
                "sha256:9fce577fbc7625d07c54b5624fb4d209cf607f2a1fc3ffbe84e9b8d265fac4e4",
                "sha256:baf220d9142599830dded9f9dc5ec67117b600e0c95bc96edc36b3028c8f069a",
                "sha256:c699acff788267d42772c7c4875804a5e2e3e570260f4f651136d862a2a29191",
                "sha256:c807e6ac644b09084d1da824e3d6df4f8c03b3af26f462bd3e1507bef14ddc35",
                "sha256:d8ed0a8cd626af4598b6eb9f301aaf6bb14b8e294d996e2faa4b0c24dc405b9d",
                "sha256:f275661417c2b3fcdb0f01f157d54211363e496422a262d59de5c99dacf26fc6",
                "sha256:f8f11dd275a262401995ef24eb7313a2f5c7594550989c2d8f3cbcc4cdd56f3c"
            ],
            "index": "pypi",
            "markers": "platform_system == 'Windows'",
            "version": "==1.0.0"
        },
        "typing-extensions": {
            "hashes": [
                "sha256:1511434bb92bf8dd198c12b1cc812e800d4181cfcb867674e0f8279cc93087aa",
                "sha256:16fa4864408f655d35ec496218b85f79b3437c829e93320c7c9215ccfd92489e"
            ],
            "markers": "python_version >= '3.7'",
            "version": "==4.4.0"
        },
        "zope.interface": {
            "hashes": [
                "sha256:026e7da51147910435950a46c55159d68af319f6e909f14873d35d411f4961db",
                "sha256:061a41a3f96f076686d7f1cb87f3deec6f0c9f0325dcc054ac7b504ae9bb0d82",
                "sha256:0eda7f61da6606a28b5efa5d8ad79b4b5bb242488e53a58993b2ec46c924ffee",
                "sha256:13a7c6e3df8aa453583412de5725bf761217d06f66ff4ed776d44fbcd13ec4e4",
                "sha256:185f0faf6c3d8f2203e8755f7ca16b8964d97da0abde89c367177a04e36f2568",
                "sha256:2204a9d545fdbe0d9b0bf4d5e2fc67e7977de59666f7131c1433fde292fc3b41",
                "sha256:27c53aa2f46d42940ccdcb015fd525a42bf73f94acd886296794a41f229d5946",
                "sha256:3c293c5c0e1cabe59c33e0d02fcee5c3eb365f79a20b8199a26ca784e406bd0d",
                "sha256:3e42b1c3f4fd863323a8275c52c78681281a8f2e1790f0e869d911c1c7b25c46",
                "sha256:3e5540b7d703774fd171b7a7dc2a3cb70e98fc273b8b260b1bf2f7d3928f125b",
                "sha256:4477930451521ac7da97cc31d49f7b83086d5ae76e52baf16aac659053119f6d",
                "sha256:475b6e371cdbeb024f2302e826222bdc202186531f6dc095e8986c034e4b7961",
                "sha256:489c4c46fcbd9364f60ff0dcb93ec9026eca64b2f43dc3b05d0724092f205e27",
                "sha256:509a8d39b64a5e8d473f3f3db981f3ca603d27d2bc023c482605c1b52ec15662",
                "sha256:58331d2766e8e409360154d3178449d116220348d46386430097e63d02a1b6d2",
                "sha256:59a96d499ff6faa9b85b1309f50bf3744eb786e24833f7b500cbb7052dc4ae29",
                "sha256:6cb8f9a1db47017929634264b3fc7ea4c1a42a3e28d67a14f14aa7b71deaa0d2",
                "sha256:6d678475fdeb11394dc9aaa5c564213a1567cc663082e0ee85d52f78d1fbaab2",
                "sha256:72a93445937cc71f0b8372b0c9e7c185328e0db5e94d06383a1cb56705df1df4",
                "sha256:76cf472c79d15dce5f438a4905a1309be57d2d01bc1de2de30bda61972a79ab4",
                "sha256:7b4547a2f624a537e90fb99cec4d8b3b6be4af3f449c3477155aae65396724ad",
                "sha256:7f2e4ebe0a000c5727ee04227cf0ff5ae612fe599f88d494216e695b1dac744d",
                "sha256:8343536ea4ee15d6525e3e726bb49ffc3f2034f828a49237a36be96842c06e7c",
                "sha256:8de7bde839d72d96e0c92e8d1fdb4862e89b8fc52514d14b101ca317d9bcf87c",
                "sha256:90f611d4cdf82fb28837fe15c3940255755572a4edf4c72e2306dbce7dcb3092",
                "sha256:9ad58724fabb429d1ebb6f334361f0a3b35f96be0e74bfca6f7de8530688b2df",
                "sha256:a1393229c9c126dd1b4356338421e8882347347ab6fe3230cb7044edc813e424",
                "sha256:a20fc9cccbda2a28e8db8cabf2f47fead7e9e49d317547af6bf86a7269e4b9a1",
                "sha256:a69f6d8b639f2317ba54278b64fef51d8250ad2c87acac1408b9cc461e4d6bb6",
                "sha256:a6f51ffbdcf865f140f55c484001415505f5e68eb0a9eab1d37d0743b503b423",
                "sha256:c9552ee9e123b7997c7630fb95c466ee816d19e721c67e4da35351c5f4032726",
                "sha256:cd423d49abcf0ebf02c29c3daffe246ff756addb891f8aab717b3a4e2e1fd675",
                "sha256:d0587d238b7867544134f4dcca19328371b8fd03fc2c56d15786f410792d0a68",
                "sha256:d1f2d91c9c6cd54d750fa34f18bd73c71b372d0e6d06843bc7a5f21f5fd66fe0",
                "sha256:d2f2ec42fbc21e1af5f129ec295e29fee6f93563e6388656975caebc5f851561",
                "sha256:d743b03a72fefed807a4512c079fb1aa5e7777036cc7a4b6ff79ae4650a14f73",
                "sha256:dd4b9251e95020c3d5d104b528dbf53629d09c146ce9c8dfaaf8f619ae1cce35",
                "sha256:e4988d94962f517f6da2d52337170b84856905b31b7dc504ed9c7b7e4bab2fc3",
                "sha256:e6a923d2dec50f2b4d41ce198af3516517f2e458220942cf393839d2f9e22000",
                "sha256:e8c8764226daad39004b7873c3880eb4860c594ff549ea47c045cdf313e1bad5"
            ],
            "markers": "python_version >= '2.7' and python_version not in '3.0, 3.1, 3.2, 3.3, 3.4'",
            "version": "==5.5.1"
        }
    },
    "develop": {}
}
