{
    "_meta": {
        "hash": {
            "sha256": "23bb0188a29db0cc784b91af055e49686334d39cc61f8bb4e791d5addf5f266d"
        },
        "pipfile-spec": 6,
        "requires": {
            "python_full_version": "3.9.13",
            "python_version": "3.9"
        },
        "sources": [
            {
                "name": "pypi",
                "url": "https://pypi.org/simple",
                "verify_ssl": true
            }
        ]
    },
    "default": {
        "attrs": {
            "hashes": [
                "sha256:29adc2665447e5191d0e7c568fde78b21f9672d344281d0c6e1ab085429b22b6",
                "sha256:86efa402f67bf2df34f51a335487cf46b1ec130d02b8d39fd248abfd30da551c"
            ],
            "markers": "python_version >= '3.5'",
            "version": "==22.1.0"
        },
        "automat": {
            "hashes": [
                "sha256:c3164f8742b9dc440f3682482d32aaff7bb53f71740dd018533f9de286b64180",
                "sha256:e56beb84edad19dcc11d30e8d9b895f75deeb5ef5e96b84a467066b3b84bb04e"
            ],
            "version": "==22.10.0"
        },
        "constantly": {
            "hashes": [
                "sha256:586372eb92059873e29eba4f9dec8381541b4d3834660707faf8ba59146dfc35",
                "sha256:dd2fa9d6b1a51a83f0d7dd76293d734046aa176e384bf6e33b7e44880eb37c5d"
            ],
            "version": "==15.1.0"
        },
        "hyperlink": {
            "hashes": [
                "sha256:427af957daa58bc909471c6c40f74c5450fa123dd093fc53efd2e91d2705a56b",
                "sha256:e6b14c37ecb73e89c77d78cdb4c2cc8f3fb59a885c5b3f819ff4ed80f25af1b4"
            ],
            "version": "==21.0.0"
        },
        "idna": {
            "hashes": [
                "sha256:814f528e8dead7d329833b91c5faa87d60bf71824cd12a7530b5526063d02cb4",
                "sha256:90b77e79eaa3eba6de819a0c442c0b4ceefc341a7a2ab77d7562bf49f425c5c2"
            ],
            "markers": "python_version >= '3.5'",
            "version": "==3.4"
        },
        "incremental": {
            "hashes": [
                "sha256:912feeb5e0f7e0188e6f42241d2f450002e11bbc0937c65865045854c24c0bd0",
                "sha256:b864a1f30885ee72c5ac2835a761b8fe8aa9c28b9395cacf27286602688d3e51"
            ],
            "version": "==22.10.0"
        },
        "lxml": {
            "hashes": [
                "sha256:0047e8a29a790c2b68b9c7779f00809aef10f5da1c4f40bcf517dffd270ad1c4",
                "sha256:0149f08c30e210d2e2dad6bc67792ed051492d2ff72a5a24778a782c2d0c6656",
                "sha256:021c9a72d3ff5f6180cf2d427e88a688bb21ccb68cedf5cd11669cd22dc38ce4",
                "sha256:1561b518e7236bb7be47fa1694944113c852f336358f0e74128e3cb524edd887",
                "sha256:19f612e977fc427b4bf7481deac95e7137dc11b69db83270095fdf2c381282a2",
                "sha256:1ba471105c13d83cda86901803887edff52b844ca2eb7e9fe2c7380eebce2bcb",
                "sha256:2587638cd870e653708950752562c7636303c76571d34568a98367eee1e92b63",
                "sha256:27898b2f73bc1766365ca675324ed17f1846c779077b97e7f91fcb6042ec5ae6",
                "sha256:2ce2941c21d4144bbcd8c182d89e09b15f36805533977f363122bed282fb1879",
                "sha256:346a5e0cb80eeb521bac45a1275bf6a4aebcb82661798c12f8484d59394997e5",
                "sha256:36e5b430a09be6eeb05c37c3c3af6c328da4ce4cca34720b0994e44c13c777f8",
                "sha256:371ce1402b6793ef30e3d6cf2c9908869bc397e950de18d0a6ab74ce1b62ed65",
                "sha256:40bfc495e26565776f938103900b22ed658f1d2a155b4556ac3628f8eb0ddfb7",
                "sha256:439523c34ef398d84a5b05e5c565ef0b78ebf8dc1b44c07f93bde9f2294a49af",
                "sha256:44d54f07001499a86c5a73129b18368d8a32370616396a500752f0a1dae8a158",
                "sha256:47f45efe78cb54bfab510309ee13c42c02ce1c3fa57cd12aecd14eba5c85ea3b",
                "sha256:4bb5ce9a38e19817236313bfe5ee3bb016a18c295b5d7f4215401e79dacdace4",
                "sha256:4bbefbcedb29c7da21919c4768415be87d07d5715d571f190829fa39b76952bf",
                "sha256:4c6b33d698afcf0fd96db1eb1e41a5faadb75bb4b42c839bf0e7b327d410cfbd",
                "sha256:4d4e2396904c140684017789f961093153898cf9c4debde3ebb15e022c6c04dd",
                "sha256:4da3ebc23da068d32ed777706d3202862d669e6b86af136453d9142ccf579422",
                "sha256:543fcbf500b95568d0944d28677fb9cd076d80876f90aa0cbba09040418924f8",
                "sha256:57e2dbf5730fde9211e32229748ce6f9a0685f1a3dcba76c71cc6e3133a0d61e",
                "sha256:5f537b95d8319d398625776318c7597249d268d450329bff4bb520f1a2a72306",
                "sha256:6c9e7bf6af3a9aede4c8c0085d2148864356f86df70c0fd06c7c267e9df0b1f1",
                "sha256:6faf1afdf5a980dceac217305b0088685756eaae964b1958d0d54ba3ae121c84",
                "sha256:7018c2bbd5f5b7649a63a856e57f9d5e15bec09db9284c08a118d8a5770db3f3",
                "sha256:7456b8abc591e4ab3050d3c93e87f3fb9381b8e28b66238927bab6ed998e71d6",
                "sha256:7724404e1d6b753ffaed977130672ecda5a7556d5c2037177fa3571caa559162",
                "sha256:777375057259858ec1b937a229cc3498d2995bb04a2d2c424bbfee35264d7a9b",
                "sha256:799ca6d0b9f0bd5c365f7be6240fbfce24d7098021edc42b434dda39970308e3",
                "sha256:7a549d044e0d93feff8b9422063c2f4a4b3841cf8c61b5442d6745f82c3c2bcc",
                "sha256:7e8df94e0676cc16fbbc35d34fef37a9767fe0b422b5897c116a46be29092790",
                "sha256:7f6cd37bf8de4ea2bd462aa9faadd1b45a36bb168819e88174dfd15d091eae81",
                "sha256:81a14f9819b2edea3da441c0deff8d41410fd4ba16ed57ab59171b9745c7571e",
                "sha256:81f42f00061e7a7c19502ecfde7b6838a7ab971631b803eccfa05314fdeff406",
                "sha256:8db20b9b4ea7669d6d35c96427c686b1de6e3f614bf4371121b05df4fb10d4de",
                "sha256:97b01bf5c633caf764270e1e9607c926c28a2e368fe4619031e03bfc7c2688c1",
                "sha256:9f459c3754c24c85d82072e14ace8db6d819e07ba2895505d7a5ea248c6763ec",
                "sha256:a11fd3b9d9b4a351acc9a5b532b652d1d8fc047cd873b7c3f44cf6366fab7feb",
                "sha256:aed1bb00c9d0ac06219c3c048783b6e26d21879f702ce8ddf6de8389a978f587",
                "sha256:b584fa08ff85e441c70ea8310e274eda0b6fb522a86679d07839737629c0b891",
                "sha256:ba9f260d3a7ca44f8730ed861bbbf68d6c1fa0c55c7633c9f8cf98282c06dea7",
                "sha256:c0325c86e36f9d910c934d401e250d62bbe5e8c5c808241fc85795c8ba396d54",
                "sha256:c5ce51bd0d0a14f4030142e39e8a223c3bda349a9b50e4e7315c661a2a50ceef",
                "sha256:c6b3c38e58c1b9ea6045b16dc4cafe7bd2228ab8830d9ad52612748719525987",
                "sha256:c71b82c6fd4bbfffeb8f15efd966fe1afcf680711c5939277644ab1462970f9c",
                "sha256:cf86e0fe5b4bd42f4d4c5ac3aea05fcbfbd887f2819e3d4449c586ac81b8258b",
                "sha256:d34f99446b769a7adab3e9589dbc92465b565d8409795d2b63323489229564c7",
                "sha256:da583328a576434e1f827d72e3435a3c6fcaf52902d8db207b93915e2816a144",
                "sha256:de4f955b867d4b4dc4141be264c9e1d54d647a0cbf261bdfde14a730758588f4",
                "sha256:dfbbdd8684fbf155febdea2c3a68380f38c099aba75eec638f94f9601708ce19",
                "sha256:e583c48dc85495d1055a9955e525d91ea27bb893e871702366e5f2d689ed2438",
                "sha256:ea4afc8ce0cb23eb25510518ea1d8152863f5349324c7c7b6117e1a26aa6596b",
                "sha256:eb43de3bab1d97d9e3ec5a80e574ee9882430c15bde83be38c70031a56899f20",
                "sha256:f5a58b91f1125b17d52a4a1f2dd3da8cf5b38f905cb6def93c9bac9002aaefc1",
                "sha256:f79ca2c0cf88b6547b11c2c3225f1b56ef356cd58cd634e5b70afef2bdf939d7",
                "sha256:f8ca5d8fc76410e20ef0cf61d6d708f8bbc9c6b280124ca923709fdb26db9ed7",
                "sha256:fb18f094a76443fef65ef88e97ea92f2642632651a29757c7df8aaafd84e5ffc",
                "sha256:fd2d46aa9f379553ff30fd915f039c0296837e99b91e75e77f36a0819331a724"
            ],
            "index": "pypi",
            "version": "==4.7.0"
        },
        "python-environ": {
            "hashes": [
                "sha256:6249a14057f95aba3b4906d73276f770e01e659f8098b3f3b34295feac42865b"
            ],
            "index": "pypi",
            "version": "==0.4.54"
        },
        "pytz": {
            "hashes": [
                "sha256:335ab46900b1465e714b4fda4963d87363264eb662aab5e65da039c25f1f5b22",
                "sha256:c4d88f472f54d615e9cd582a5004d1e5f624854a6a27a6211591c251f22a6914"
            ],
            "version": "==2022.5"
        },
        "rpclib": {
            "hashes": [
                "sha256:846d46bc6ffff23a3c8382df45dce5ac2e7d889ce1904d2b394864d21cf329c1"
            ],
            "index": "pypi",
            "version": "==2.8.0rc0"
        },
        "setuptools": {
            "hashes": [
                "sha256:512e5536220e38146176efb833d4a62aa726b7bbff82cfbc8ba9eaa3996e0b17",
                "sha256:f62ea9da9ed6289bfe868cd6845968a2c854d1427f8548d52cae02a42b4f0356"
            ],
            "markers": "python_version >= '3.7'",
            "version": "==65.5.0"
        },
        "six": {
            "hashes": [
                "sha256:1e61c37477a1626458e36f7b1d82aa5c9b094fa4802892072e49de9c60c4c926",
                "sha256:8abb2f1d86890a2dfb989f9a77cfcfd3e47c2a354b01111771326f8aa26e0254"
            ],
            "markers": "python_version >= '2.7' and python_version not in '3.0, 3.1, 3.2, 3.3'",
            "version": "==1.16.0"
        },
        "spyne": {
            "hashes": [
                "sha256:063e950e179a7d5b06b577c9f2c9091a70d40217f1a853076b3709caa2bf3a16"
            ],
            "index": "pypi",
            "version": "==2.14.0"
        },
        "twisted": {
            "hashes": [
                "sha256:13c1d1d2421ae556d91e81e66cf0d4f4e4e1e4a36a0486933bee4305c6a4fb9b",
                "sha256:2cd652542463277378b0d349f47c62f20d9306e57d1247baabd6d1d38a109006"
            ],
            "index": "pypi",
            "version": "==21.7.0"
        },
        "twisted-iocpsupport": {
            "hashes": [
                "sha256:00292c68183139051cd5a47f5c8d6d089c35fa2a8f4a4d64d930868b0bd265ec",
                "sha256:17fb3258aaae95bc49cd5b8e4d36ed08acabb45c5f0f2c065f88388633e507bb",
                "sha256:1b0f2c4f5dbc267d527cd8f5f89dbf325db06afc444985ad6ec5aefb1462a7b0",
                "sha256:259ba45c64ab200afc6d1d507d3bfae0441c56136af309b86493d7e99a171615",
                "sha256:4f06b7f3cbd4747978a07216ca25a8748908155c165c999a0db2861c71580d2e",
                "sha256:56d6c749b0c9c951dca55b46cf061df1a4c502b37b35facd205f67d895472574",
                "sha256:646df86ed0ba10ca4c229cfa4475bfb5c230bd2810f7f1d93faaffd33426a756",
                "sha256:6d4d2d119c5ad57a916799266d6da4574323dc90595274c95ade0cdf013da659",
                "sha256:8edfe08d84a2b62eab876b17f68ddffb441b8e039b277fce8f0348f5351d18ed",
                "sha256:9fce577fbc7625d07c54b5624fb4d209cf607f2a1fc3ffbe84e9b8d265fac4e4",
                "sha256:baf220d9142599830dded9f9dc5ec67117b600e0c95bc96edc36b3028c8f069a",
                "sha256:c699acff788267d42772c7c4875804a5e2e3e570260f4f651136d862a2a29191",
                "sha256:c807e6ac644b09084d1da824e3d6df4f8c03b3af26f462bd3e1507bef14ddc35",
                "sha256:d8ed0a8cd626af4598b6eb9f301aaf6bb14b8e294d996e2faa4b0c24dc405b9d",
                "sha256:f275661417c2b3fcdb0f01f157d54211363e496422a262d59de5c99dacf26fc6",
                "sha256:f8f11dd275a262401995ef24eb7313a2f5c7594550989c2d8f3cbcc4cdd56f3c"
            ],
            "index": "pypi",
            "markers": "platform_system == 'Windows'",
            "version": "==1.0.0"
        },
        "typing-extensions": {
            "hashes": [
                "sha256:1511434bb92bf8dd198c12b1cc812e800d4181cfcb867674e0f8279cc93087aa",
                "sha256:16fa4864408f655d35ec496218b85f79b3437c829e93320c7c9215ccfd92489e"
            ],
            "markers": "python_version >= '3.7'",
            "version": "==4.4.0"
        },
        "zope.interface": {
            "hashes": [
                "sha256:006f8dd81fae28027fc28ada214855166712bf4f0bfbc5a8788f9b70982b9437",
                "sha256:03f5ae315db0d0de668125d983e2a819a554f3fdb2d53b7e934e3eb3c3c7375d",
                "sha256:0eb2b3e84f48dd9cfc8621c80fba905d7e228615c67f76c7df7c716065669bb6",
                "sha256:1e3495bb0cdcea212154e558082c256f11b18031f05193ae2fb85d048848db14",
                "sha256:26c1456520fdcafecc5765bec4783eeafd2e893eabc636908f50ee31fe5c738c",
                "sha256:2cb3003941f5f4fa577479ac6d5db2b940acb600096dd9ea9bf07007f5cab46f",
                "sha256:37ec9ade9902f412cc7e7a32d71f79dec3035bad9bd0170226252eed88763c48",
                "sha256:3eedf3d04179774d750e8bb4463e6da350956a50ed44d7b86098e452d7ec385e",
                "sha256:3f68404edb1a4fb6aa8a94675521ca26c83ebbdbb90e894f749ae0dc4ca98418",
                "sha256:423c074e404f13e6fa07f4454f47fdbb38d358be22945bc812b94289d9142374",
                "sha256:43490ad65d4c64e45a30e51a2beb7a6b63e1ff395302ad22392224eb618476d6",
                "sha256:47ff078734a1030c48103422a99e71a7662d20258c00306546441adf689416f7",
                "sha256:58a66c2020a347973168a4a9d64317bac52f9fdfd3e6b80b252be30da881a64e",
                "sha256:58a975f89e4584d0223ab813c5ba4787064c68feef4b30d600f5e01de90ae9ce",
                "sha256:5c6023ae7defd052cf76986ce77922177b0c2f3913bea31b5b28fbdf6cb7099e",
                "sha256:6566b3d2657e7609cd8751bcb1eab1202b1692a7af223035a5887d64bb3a2f3b",
                "sha256:687cab7f9ae18d2c146f315d0ca81e5ffe89a139b88277afa70d52f632515854",
                "sha256:700ebf9662cf8df70e2f0cb4988e078c53f65ee3eefd5c9d80cf988c4175c8e3",
                "sha256:740f3c1b44380658777669bcc42f650f5348e53797f2cee0d93dc9b0f9d7cc69",
                "sha256:7bdcec93f152e0e1942102537eed7b166d6661ae57835b20a52a2a3d6a3e1bf3",
                "sha256:7d9ec1e6694af39b687045712a8ad14ddcb568670d5eb1b66b48b98b9312afba",
                "sha256:85dd6dd9aaae7a176948d8bb62e20e2968588fd787c29c5d0d964ab475168d3d",
                "sha256:8b9f153208d74ccfa25449a0c6cb756ab792ce0dc99d9d771d935f039b38740c",
                "sha256:8c791f4c203ccdbcda588ea4c8a6e4353e10435ea48ddd3d8734a26fe9714cba",
                "sha256:970661ece2029915b8f7f70892e88404340fbdefd64728380cad41c8dce14ff4",
                "sha256:9cdc4e898d3b1547d018829fd4a9f403e52e51bba24be0fbfa37f3174e1ef797",
                "sha256:9dc4493aa3d87591e3d2bf1453e25b98038c839ca8e499df3d7106631b66fe83",
                "sha256:a69c28d85bb7cf557751a5214cb3f657b2b035c8c96d71080c1253b75b79b69b",
                "sha256:aeac590cce44e68ee8ad0b8ecf4d7bf15801f102d564ca1b0eb1f12f584ee656",
                "sha256:be11fce0e6af6c0e8d93c10ef17b25aa7c4acb7ec644bff2596c0d639c49e20f",
                "sha256:cbbf83914b9a883ab324f728de869f4e406e0cbcd92df7e0a88decf6f9ab7d5a",
                "sha256:cfa614d049667bed1c737435c609c0956c5dc0dbafdc1145ee7935e4658582cb",
                "sha256:d18fb0f6c8169d26044128a2e7d3c39377a8a151c564e87b875d379dbafd3930",
                "sha256:d80f6236b57a95eb19d5e47eb68d0296119e1eff6deaa2971ab8abe3af918420",
                "sha256:da7912ae76e1df6a1fb841b619110b1be4c86dfb36699d7fd2f177105cdea885",
                "sha256:df6593e150d13cfcce69b0aec5df7bc248cb91e4258a7374c129bb6d56b4e5ca",
                "sha256:f70726b60009433111fe9928f5d89cbb18962411d33c45fb19eb81b9bbd26fcd"
            ],
            "markers": "python_version >= '2.7' and python_version not in '3.0, 3.1, 3.2, 3.3, 3.4'",
            "version": "==5.5.0"
        }
    },
    "develop": {}
}
